// !$*UTF8*$!
{
	archiveVersion = 1;
	classes = {
	};
	objectVersion = 55;
	objects = {

/* Begin PBXBuildFile section */
		CE2179F228B51EBC00828511 /* Dairy_MasterApp.swift in Sources */ = {isa = PBXBuildFile; fileRef = CE2179F128B51EBC00828511 /* Dairy_MasterApp.swift */; };
		CE2179F428B51EBC00828511 /* ContentView.swift in Sources */ = {isa = PBXBuildFile; fileRef = CE2179F328B51EBC00828511 /* ContentView.swift */; };
		CE2179F628B51EBD00828511 /* Assets.xcassets in Resources */ = {isa = PBXBuildFile; fileRef = CE2179F528B51EBD00828511 /* Assets.xcassets */; };
		CE2179F928B51EBD00828511 /* Preview Assets.xcassets in Resources */ = {isa = PBXBuildFile; fileRef = CE2179F828B51EBD00828511 /* Preview Assets.xcassets */; };
		CE217A0128B51F0700828511 /* Localizable.strings in Resources */ = {isa = PBXBuildFile; fileRef = CE217A0328B51F0700828511 /* Localizable.strings */; };
		CE217A0728B520D500828511 /* DateValue.swift in Sources */ = {isa = PBXBuildFile; fileRef = CE217A0628B520D500828511 /* DateValue.swift */; };
		CE217A0928B520EC00828511 /* Task.swift in Sources */ = {isa = PBXBuildFile; fileRef = CE217A0828B520EC00828511 /* Task.swift */; };
		CE217A0E28B5216B00828511 /* Date Screen.swift in Sources */ = {isa = PBXBuildFile; fileRef = CE217A0D28B5216B00828511 /* Date Screen.swift */; };
		CE217A1028B5218800828511 /* TabBar.swift in Sources */ = {isa = PBXBuildFile; fileRef = CE217A0F28B5218800828511 /* TabBar.swift */; };
		CE217A1228B5219C00828511 /* ClientView.swift in Sources */ = {isa = PBXBuildFile; fileRef = CE217A1128B5219C00828511 /* ClientView.swift */; };
		CE217A1428B521B100828511 /* ServicesView.swift in Sources */ = {isa = PBXBuildFile; fileRef = CE217A1328B521B100828511 /* ServicesView.swift */; };
		CE217A1628B521C300828511 /* SettingsView.swift in Sources */ = {isa = PBXBuildFile; fileRef = CE217A1528B521C300828511 /* SettingsView.swift */; };
		CE217A1828B521DA00828511 /* SignUpView.swift in Sources */ = {isa = PBXBuildFile; fileRef = CE217A1728B521DA00828511 /* SignUpView.swift */; };
		CE217A1A28B521F000828511 /* SignInView.swift in Sources */ = {isa = PBXBuildFile; fileRef = CE217A1928B521F000828511 /* SignInView.swift */; };
/* End PBXBuildFile section */

/* Begin PBXFileReference section */
		CE2179EE28B51EBC00828511 /* Dairy Master.app */ = {isa = PBXFileReference; explicitFileType = wrapper.application; includeInIndex = 0; path = "Dairy Master.app"; sourceTree = BUILT_PRODUCTS_DIR; };
		CE2179F128B51EBC00828511 /* Dairy_MasterApp.swift */ = {isa = PBXFileReference; lastKnownFileType = sourcecode.swift; path = Dairy_MasterApp.swift; sourceTree = "<group>"; };
		CE2179F328B51EBC00828511 /* ContentView.swift */ = {isa = PBXFileReference; lastKnownFileType = sourcecode.swift; path = ContentView.swift; sourceTree = "<group>"; };
		CE2179F528B51EBD00828511 /* Assets.xcassets */ = {isa = PBXFileReference; lastKnownFileType = folder.assetcatalog; path = Assets.xcassets; sourceTree = "<group>"; };
		CE2179F828B51EBD00828511 /* Preview Assets.xcassets */ = {isa = PBXFileReference; lastKnownFileType = folder.assetcatalog; path = "Preview Assets.xcassets"; sourceTree = "<group>"; };
		CE217A0228B51F0700828511 /* en */ = {isa = PBXFileReference; lastKnownFileType = text.plist.strings; name = en; path = en.lproj/Localizable.strings; sourceTree = "<group>"; };
		CE217A0428B51FE600828511 /* ru */ = {isa = PBXFileReference; lastKnownFileType = text.plist.strings; name = ru; path = ru.lproj/Localizable.strings; sourceTree = "<group>"; };
		CE217A0628B520D500828511 /* DateValue.swift */ = {isa = PBXFileReference; lastKnownFileType = sourcecode.swift; path = DateValue.swift; sourceTree = "<group>"; };
		CE217A0828B520EC00828511 /* Task.swift */ = {isa = PBXFileReference; lastKnownFileType = sourcecode.swift; path = Task.swift; sourceTree = "<group>"; };
		CE217A0D28B5216B00828511 /* Date Screen.swift */ = {isa = PBXFileReference; lastKnownFileType = sourcecode.swift; path = "Date Screen.swift"; sourceTree = "<group>"; };
		CE217A0F28B5218800828511 /* TabBar.swift */ = {isa = PBXFileReference; lastKnownFileType = sourcecode.swift; path = TabBar.swift; sourceTree = "<group>"; };
		CE217A1128B5219C00828511 /* ClientView.swift */ = {isa = PBXFileReference; lastKnownFileType = sourcecode.swift; path = ClientView.swift; sourceTree = "<group>"; };
		CE217A1328B521B100828511 /* ServicesView.swift */ = {isa = PBXFileReference; lastKnownFileType = sourcecode.swift; path = ServicesView.swift; sourceTree = "<group>"; };
		CE217A1528B521C300828511 /* SettingsView.swift */ = {isa = PBXFileReference; lastKnownFileType = sourcecode.swift; path = SettingsView.swift; sourceTree = "<group>"; };
		CE217A1728B521DA00828511 /* SignUpView.swift */ = {isa = PBXFileReference; lastKnownFileType = sourcecode.swift; path = SignUpView.swift; sourceTree = "<group>"; };
		CE217A1928B521F000828511 /* SignInView.swift */ = {isa = PBXFileReference; lastKnownFileType = sourcecode.swift; path = SignInView.swift; sourceTree = "<group>"; };
		CEBC1A3D28B628FE00DF2036 /* uk */ = {isa = PBXFileReference; lastKnownFileType = text.plist.strings; name = uk; path = uk.lproj/Localizable.strings; sourceTree = "<group>"; };
/* End PBXFileReference section */

/* Begin PBXFrameworksBuildPhase section */
		CE2179EB28B51EBC00828511 /* Frameworks */ = {
			isa = PBXFrameworksBuildPhase;
			buildActionMask = 2147483647;
			files = (
			);
			runOnlyForDeploymentPostprocessing = 0;
		};
/* End PBXFrameworksBuildPhase section */

/* Begin PBXGroup section */
		CE2179E528B51EBC00828511 = {
			isa = PBXGroup;
			children = (
				CE2179F028B51EBC00828511 /* Dairy Master */,
				CE2179EF28B51EBC00828511 /* Products */,
			);
			sourceTree = "<group>";
		};
		CE2179EF28B51EBC00828511 /* Products */ = {
			isa = PBXGroup;
			children = (
				CE2179EE28B51EBC00828511 /* Dairy Master.app */,
			);
			name = Products;
			sourceTree = "<group>";
		};
		CE2179F028B51EBC00828511 /* Dairy Master */ = {
			isa = PBXGroup;
			children = (
				CE2179F128B51EBC00828511 /* Dairy_MasterApp.swift */,
				CE2179F328B51EBC00828511 /* ContentView.swift */,
				CE217A0528B520B600828511 /* Model */,
				CE217A0B28B5213600828511 /* View */,
				CE217A0328B51F0700828511 /* Localizable.strings */,
				CE2179F528B51EBD00828511 /* Assets.xcassets */,
				CE2179F728B51EBD00828511 /* Preview Content */,
			);
			path = "Dairy Master";
			sourceTree = "<group>";
		};
		CE2179F728B51EBD00828511 /* Preview Content */ = {
			isa = PBXGroup;
			children = (
				CE2179F828B51EBD00828511 /* Preview Assets.xcassets */,
			);
			path = "Preview Content";
			sourceTree = "<group>";
		};
		CE217A0528B520B600828511 /* Model */ = {
			isa = PBXGroup;
			children = (
				CE217A0628B520D500828511 /* DateValue.swift */,
				CE217A0828B520EC00828511 /* Task.swift */,
			);
			path = Model;
			sourceTree = "<group>";
		};
		CE217A0B28B5213600828511 /* View */ = {
			isa = PBXGroup;
			children = (
				CE217A0C28B5214C00828511 /* Home View Screen */,
				CE217A0F28B5218800828511 /* TabBar.swift */,
				CE217A1128B5219C00828511 /* ClientView.swift */,
				CE217A1328B521B100828511 /* ServicesView.swift */,
				CE217A1528B521C300828511 /* SettingsView.swift */,
				CE217A1728B521DA00828511 /* SignUpView.swift */,
				CE217A1928B521F000828511 /* SignInView.swift */,
			);
			path = View;
			sourceTree = "<group>";
		};
		CE217A0C28B5214C00828511 /* Home View Screen */ = {
			isa = PBXGroup;
			children = (
				CE217A0D28B5216B00828511 /* Date Screen.swift */,
			);
			path = "Home View Screen";
			sourceTree = "<group>";
		};
/* End PBXGroup section */

/* Begin PBXNativeTarget section */
		CE2179ED28B51EBC00828511 /* Dairy Master */ = {
			isa = PBXNativeTarget;
			buildConfigurationList = CE2179FC28B51EBD00828511 /* Build configuration list for PBXNativeTarget "Dairy Master" */;
			buildPhases = (
				CE2179EA28B51EBC00828511 /* Sources */,
				CE2179EB28B51EBC00828511 /* Frameworks */,
				CE2179EC28B51EBC00828511 /* Resources */,
			);
			buildRules = (
			);
			dependencies = (
			);
			name = "Dairy Master";
			productName = "Dairy Master";
			productReference = CE2179EE28B51EBC00828511 /* Dairy Master.app */;
			productType = "com.apple.product-type.application";
		};
/* End PBXNativeTarget section */

/* Begin PBXProject section */
		CE2179E628B51EBC00828511 /* Project object */ = {
			isa = PBXProject;
			attributes = {
				BuildIndependentTargetsInParallel = 1;
				LastSwiftUpdateCheck = 1340;
				LastUpgradeCheck = 1340;
				TargetAttributes = {
					CE2179ED28B51EBC00828511 = {
						CreatedOnToolsVersion = 13.4.1;
					};
				};
			};
			buildConfigurationList = CE2179E928B51EBC00828511 /* Build configuration list for PBXProject "Dairy Master" */;
			compatibilityVersion = "Xcode 13.0";
			developmentRegion = en;
			hasScannedForEncodings = 0;
			knownRegions = (
				en,
				Base,
				ru,
				uk,
			);
			mainGroup = CE2179E528B51EBC00828511;
			productRefGroup = CE2179EF28B51EBC00828511 /* Products */;
			projectDirPath = "";
			projectRoot = "";
			targets = (
				CE2179ED28B51EBC00828511 /* Dairy Master */,
			);
		};
/* End PBXProject section */

/* Begin PBXResourcesBuildPhase section */
		CE2179EC28B51EBC00828511 /* Resources */ = {
			isa = PBXResourcesBuildPhase;
			buildActionMask = 2147483647;
			files = (
				CE2179F928B51EBD00828511 /* Preview Assets.xcassets in Resources */,
				CE217A0128B51F0700828511 /* Localizable.strings in Resources */,
				CE2179F628B51EBD00828511 /* Assets.xcassets in Resources */,
			);
			runOnlyForDeploymentPostprocessing = 0;
		};
/* End PBXResourcesBuildPhase section */

/* Begin PBXSourcesBuildPhase section */
		CE2179EA28B51EBC00828511 /* Sources */ = {
			isa = PBXSourcesBuildPhase;
			buildActionMask = 2147483647;
			files = (
				CE217A1228B5219C00828511 /* ClientView.swift in Sources */,
				CE217A0928B520EC00828511 /* Task.swift in Sources */,
				CE217A0728B520D500828511 /* DateValue.swift in Sources */,
				CE217A1628B521C300828511 /* SettingsView.swift in Sources */,
				CE2179F428B51EBC00828511 /* ContentView.swift in Sources */,
				CE217A1428B521B100828511 /* ServicesView.swift in Sources */,
				CE217A1828B521DA00828511 /* SignUpView.swift in Sources */,
				CE217A1028B5218800828511 /* TabBar.swift in Sources */,
				CE217A0E28B5216B00828511 /* Date Screen.swift in Sources */,
				CE217A1A28B521F000828511 /* SignInView.swift in Sources */,
				CE2179F228B51EBC00828511 /* Dairy_MasterApp.swift in Sources */,
			);
			runOnlyForDeploymentPostprocessing = 0;
		};
/* End PBXSourcesBuildPhase section */

/* Begin PBXVariantGroup section */
		CE217A0328B51F0700828511 /* Localizable.strings */ = {
			isa = PBXVariantGroup;
			children = (
				CE217A0228B51F0700828511 /* en */,
				CE217A0428B51FE600828511 /* ru */,
				CEBC1A3D28B628FE00DF2036 /* uk */,
			);
			name = Localizable.strings;
			sourceTree = "<group>";
		};
/* End PBXVariantGroup section */

/* Begin XCBuildConfiguration section */
		CE2179FA28B51EBD00828511 /* Debug */ = {
			isa = XCBuildConfiguration;
			buildSettings = {
				ALWAYS_SEARCH_USER_PATHS = NO;
				CLANG_ANALYZER_LOCALIZABILITY_NONLOCALIZED = YES;
				CLANG_ANALYZER_NONNULL = YES;
				CLANG_ANALYZER_NUMBER_OBJECT_CONVERSION = YES_AGGRESSIVE;
				CLANG_CXX_LANGUAGE_STANDARD = "gnu++17";
				CLANG_ENABLE_MODULES = YES;
				CLANG_ENABLE_OBJC_ARC = YES;
				CLANG_ENABLE_OBJC_WEAK = YES;
				CLANG_WARN_BLOCK_CAPTURE_AUTORELEASING = YES;
				CLANG_WARN_BOOL_CONVERSION = YES;
				CLANG_WARN_COMMA = YES;
				CLANG_WARN_CONSTANT_CONVERSION = YES;
				CLANG_WARN_DEPRECATED_OBJC_IMPLEMENTATIONS = YES;
				CLANG_WARN_DIRECT_OBJC_ISA_USAGE = YES_ERROR;
				CLANG_WARN_DOCUMENTATION_COMMENTS = YES;
				CLANG_WARN_EMPTY_BODY = YES;
				CLANG_WARN_ENUM_CONVERSION = YES;
				CLANG_WARN_INFINITE_RECURSION = YES;
				CLANG_WARN_INT_CONVERSION = YES;
				CLANG_WARN_NON_LITERAL_NULL_CONVERSION = YES;
				CLANG_WARN_OBJC_IMPLICIT_RETAIN_SELF = YES;
				CLANG_WARN_OBJC_LITERAL_CONVERSION = YES;
				CLANG_WARN_OBJC_ROOT_CLASS = YES_ERROR;
				CLANG_WARN_QUOTED_INCLUDE_IN_FRAMEWORK_HEADER = YES;
				CLANG_WARN_RANGE_LOOP_ANALYSIS = YES;
				CLANG_WARN_STRICT_PROTOTYPES = YES;
				CLANG_WARN_SUSPICIOUS_MOVE = YES;
				CLANG_WARN_UNGUARDED_AVAILABILITY = YES_AGGRESSIVE;
				CLANG_WARN_UNREACHABLE_CODE = YES;
				CLANG_WARN__DUPLICATE_METHOD_MATCH = YES;
				COPY_PHASE_STRIP = NO;
				DEBUG_INFORMATION_FORMAT = dwarf;
				ENABLE_STRICT_OBJC_MSGSEND = YES;
				ENABLE_TESTABILITY = YES;
				GCC_C_LANGUAGE_STANDARD = gnu11;
				GCC_DYNAMIC_NO_PIC = NO;
				GCC_NO_COMMON_BLOCKS = YES;
				GCC_OPTIMIZATION_LEVEL = 0;
				GCC_PREPROCESSOR_DEFINITIONS = (
					"DEBUG=1",
					"$(inherited)",
				);
				GCC_WARN_64_TO_32_BIT_CONVERSION = YES;
				GCC_WARN_ABOUT_RETURN_TYPE = YES_ERROR;
				GCC_WARN_UNDECLARED_SELECTOR = YES;
				GCC_WARN_UNINITIALIZED_AUTOS = YES_AGGRESSIVE;
				GCC_WARN_UNUSED_FUNCTION = YES;
				GCC_WARN_UNUSED_VARIABLE = YES;
				IPHONEOS_DEPLOYMENT_TARGET = 15.5;
				MTL_ENABLE_DEBUG_INFO = INCLUDE_SOURCE;
				MTL_FAST_MATH = YES;
				ONLY_ACTIVE_ARCH = YES;
				SDKROOT = iphoneos;
				SWIFT_ACTIVE_COMPILATION_CONDITIONS = DEBUG;
				SWIFT_OPTIMIZATION_LEVEL = "-Onone";
			};
			name = Debug;
		};
		CE2179FB28B51EBD00828511 /* Release */ = {
			isa = XCBuildConfiguration;
			buildSettings = {
				ALWAYS_SEARCH_USER_PATHS = NO;
				CLANG_ANALYZER_LOCALIZABILITY_NONLOCALIZED = YES;
				CLANG_ANALYZER_NONNULL = YES;
				CLANG_ANALYZER_NUMBER_OBJECT_CONVERSION = YES_AGGRESSIVE;
				CLANG_CXX_LANGUAGE_STANDARD = "gnu++17";
				CLANG_ENABLE_MODULES = YES;
				CLANG_ENABLE_OBJC_ARC = YES;
				CLANG_ENABLE_OBJC_WEAK = YES;
				CLANG_WARN_BLOCK_CAPTURE_AUTORELEASING = YES;
				CLANG_WARN_BOOL_CONVERSION = YES;
				CLANG_WARN_COMMA = YES;
				CLANG_WARN_CONSTANT_CONVERSION = YES;
				CLANG_WARN_DEPRECATED_OBJC_IMPLEMENTATIONS = YES;
				CLANG_WARN_DIRECT_OBJC_ISA_USAGE = YES_ERROR;
				CLANG_WARN_DOCUMENTATION_COMMENTS = YES;
				CLANG_WARN_EMPTY_BODY = YES;
				CLANG_WARN_ENUM_CONVERSION = YES;
				CLANG_WARN_INFINITE_RECURSION = YES;
				CLANG_WARN_INT_CONVERSION = YES;
				CLANG_WARN_NON_LITERAL_NULL_CONVERSION = YES;
				CLANG_WARN_OBJC_IMPLICIT_RETAIN_SELF = YES;
				CLANG_WARN_OBJC_LITERAL_CONVERSION = YES;
				CLANG_WARN_OBJC_ROOT_CLASS = YES_ERROR;
				CLANG_WARN_QUOTED_INCLUDE_IN_FRAMEWORK_HEADER = YES;
				CLANG_WARN_RANGE_LOOP_ANALYSIS = YES;
				CLANG_WARN_STRICT_PROTOTYPES = YES;
				CLANG_WARN_SUSPICIOUS_MOVE = YES;
				CLANG_WARN_UNGUARDED_AVAILABILITY = YES_AGGRESSIVE;
				CLANG_WARN_UNREACHABLE_CODE = YES;
				CLANG_WARN__DUPLICATE_METHOD_MATCH = YES;
				COPY_PHASE_STRIP = NO;
				DEBUG_INFORMATION_FORMAT = "dwarf-with-dsym";
				ENABLE_NS_ASSERTIONS = NO;
				ENABLE_STRICT_OBJC_MSGSEND = YES;
				GCC_C_LANGUAGE_STANDARD = gnu11;
				GCC_NO_COMMON_BLOCKS = YES;
				GCC_WARN_64_TO_32_BIT_CONVERSION = YES;
				GCC_WARN_ABOUT_RETURN_TYPE = YES_ERROR;
				GCC_WARN_UNDECLARED_SELECTOR = YES;
				GCC_WARN_UNINITIALIZED_AUTOS = YES_AGGRESSIVE;
				GCC_WARN_UNUSED_FUNCTION = YES;
				GCC_WARN_UNUSED_VARIABLE = YES;
				IPHONEOS_DEPLOYMENT_TARGET = 15.5;
				MTL_ENABLE_DEBUG_INFO = NO;
				MTL_FAST_MATH = YES;
				SDKROOT = iphoneos;
				SWIFT_COMPILATION_MODE = wholemodule;
				SWIFT_OPTIMIZATION_LEVEL = "-O";
				VALIDATE_PRODUCT = YES;
			};
			name = Release;
		};
		CE2179FD28B51EBD00828511 /* Debug */ = {
			isa = XCBuildConfiguration;
			buildSettings = {
				ASSETCATALOG_COMPILER_APPICON_NAME = AppIcon;
				ASSETCATALOG_COMPILER_GLOBAL_ACCENT_COLOR_NAME = AccentColor;
				CODE_SIGN_STYLE = Automatic;
				CURRENT_PROJECT_VERSION = 1;
				DEVELOPMENT_ASSET_PATHS = "\"Dairy Master/Preview Content\"";
				DEVELOPMENT_TEAM = Q6H28H32V4;
				ENABLE_PREVIEWS = YES;
				GENERATE_INFOPLIST_FILE = YES;
				INFOPLIST_KEY_UIApplicationSceneManifest_Generation = YES;
				INFOPLIST_KEY_UIApplicationSupportsIndirectInputEvents = YES;
				INFOPLIST_KEY_UILaunchScreen_Generation = YES;
				INFOPLIST_KEY_UISupportedInterfaceOrientations_iPad = "UIInterfaceOrientationPortrait UIInterfaceOrientationPortraitUpsideDown UIInterfaceOrientationLandscapeLeft UIInterfaceOrientationLandscapeRight";
				INFOPLIST_KEY_UISupportedInterfaceOrientations_iPhone = "UIInterfaceOrientationPortrait UIInterfaceOrientationLandscapeLeft UIInterfaceOrientationLandscapeRight";
				LD_RUNPATH_SEARCH_PATHS = (
					"$(inherited)",
					"@executable_path/Frameworks",
				);
				MARKETING_VERSION = 1.0;
				PRODUCT_BUNDLE_IDENTIFIER = "Evgenij-Voronov.Dairy-Master";
				PRODUCT_NAME = "$(TARGET_NAME)";
				SWIFT_EMIT_LOC_STRINGS = YES;
				SWIFT_VERSION = 5.0;
				TARGETED_DEVICE_FAMILY = "1,2";
			};
			name = Debug;
		};
		CE2179FE28B51EBD00828511 /* Release */ = {
			isa = XCBuildConfiguration;
			buildSettings = {
				ASSETCATALOG_COMPILER_APPICON_NAME = AppIcon;
				ASSETCATALOG_COMPILER_GLOBAL_ACCENT_COLOR_NAME = AccentColor;
				CODE_SIGN_STYLE = Automatic;
				CURRENT_PROJECT_VERSION = 1;
				DEVELOPMENT_ASSET_PATHS = "\"Dairy Master/Preview Content\"";
				DEVELOPMENT_TEAM = Q6H28H32V4;
				ENABLE_PREVIEWS = YES;
				GENERATE_INFOPLIST_FILE = YES;
				INFOPLIST_KEY_UIApplicationSceneManifest_Generation = YES;
				INFOPLIST_KEY_UIApplicationSupportsIndirectInputEvents = YES;
				INFOPLIST_KEY_UILaunchScreen_Generation = YES;
				INFOPLIST_KEY_UISupportedInterfaceOrientations_iPad = "UIInterfaceOrientationPortrait UIInterfaceOrientationPortraitUpsideDown UIInterfaceOrientationLandscapeLeft UIInterfaceOrientationLandscapeRight";
				INFOPLIST_KEY_UISupportedInterfaceOrientations_iPhone = "UIInterfaceOrientationPortrait UIInterfaceOrientationLandscapeLeft UIInterfaceOrientationLandscapeRight";
				LD_RUNPATH_SEARCH_PATHS = (
					"$(inherited)",
					"@executable_path/Frameworks",
				);
				MARKETING_VERSION = 1.0;
				PRODUCT_BUNDLE_IDENTIFIER = "Evgenij-Voronov.Dairy-Master";
				PRODUCT_NAME = "$(TARGET_NAME)";
				SWIFT_EMIT_LOC_STRINGS = YES;
				SWIFT_VERSION = 5.0;
				TARGETED_DEVICE_FAMILY = "1,2";
			};
			name = Release;
		};
/* End XCBuildConfiguration section */

/* Begin XCConfigurationList section */
		CE2179E928B51EBC00828511 /* Build configuration list for PBXProject "Dairy Master" */ = {
			isa = XCConfigurationList;
			buildConfigurations = (
				CE2179FA28B51EBD00828511 /* Debug */,
				CE2179FB28B51EBD00828511 /* Release */,
			);
			defaultConfigurationIsVisible = 0;
			defaultConfigurationName = Release;
		};
		CE2179FC28B51EBD00828511 /* Build configuration list for PBXNativeTarget "Dairy Master" */ = {
			isa = XCConfigurationList;
			buildConfigurations = (
				CE2179FD28B51EBD00828511 /* Debug */,
				CE2179FE28B51EBD00828511 /* Release */,
			);
			defaultConfigurationIsVisible = 0;
			defaultConfigurationName = Release;
		};
/* End XCConfigurationList section */
	};
	rootObject = CE2179E628B51EBC00828511 /* Project object */;
}
